{
  "name": "patternfly",
  "version": "3.23.3",
  "dependencies": {
    "bootstrap": {
      "version": "3.3.7",
      "from": "https://registry.npmjs.org/bootstrap/-/bootstrap-3.3.7.tgz",
      "resolved": "https://registry.npmjs.org/bootstrap/-/bootstrap-3.3.7.tgz"
    },
    "bootstrap-datepicker": {
      "version": "1.6.4",
      "from": "https://registry.npmjs.org/bootstrap-datepicker/-/bootstrap-datepicker-1.6.4.tgz",
      "resolved": "https://registry.npmjs.org/bootstrap-datepicker/-/bootstrap-datepicker-1.6.4.tgz"
    },
    "bootstrap-select": {
      "version": "1.12.2",
      "from": "bootstrap-select@1.12.2",
      "resolved": "https://registry.npmjs.org/bootstrap-select/-/bootstrap-select-1.12.2.tgz"
    },
    "bootstrap-switch": {
      "version": "3.3.4",
      "from": "https://registry.npmjs.org/bootstrap-switch/-/bootstrap-switch-3.3.4.tgz",
      "resolved": "https://registry.npmjs.org/bootstrap-switch/-/bootstrap-switch-3.3.4.tgz"
    },
    "bootstrap-touchspin": {
      "version": "3.1.1",
      "from": "https://registry.npmjs.org/bootstrap-touchspin/-/bootstrap-touchspin-3.1.1.tgz",
      "resolved": "https://registry.npmjs.org/bootstrap-touchspin/-/bootstrap-touchspin-3.1.1.tgz"
    },
    "c3": {
      "version": "0.4.11",
      "from": "https://registry.npmjs.org/c3/-/c3-0.4.11.tgz",
      "resolved": "https://registry.npmjs.org/c3/-/c3-0.4.11.tgz"
    },
    "d3": {
      "version": "3.5.17",
      "from": "https://registry.npmjs.org/d3/-/d3-3.5.17.tgz",
      "resolved": "https://registry.npmjs.org/d3/-/d3-3.5.17.tgz"
    },
    "datatables.net": {
      "version": "1.10.15",
      "from": "datatables.net@1.10.15",
      "resolved": "https://registry.npmjs.org/datatables.net/-/datatables.net-1.10.15.tgz"
    },
    "datatables.net-bs": {
      "version": "1.10.15",
      "from": "https://registry.npmjs.org/datatables.net-bs/-/datatables.net-bs-1.10.15.tgz",
      "resolved": "https://registry.npmjs.org/datatables.net-bs/-/datatables.net-bs-1.10.15.tgz"
    },
    "datatables.net-colreorder": {
      "version": "1.3.3",
      "from": "https://registry.npmjs.org/datatables.net-colreorder/-/datatables.net-colreorder-1.3.3.tgz",
      "resolved": "https://registry.npmjs.org/datatables.net-colreorder/-/datatables.net-colreorder-1.3.3.tgz"
    },
    "datatables.net-colreorder-bs": {
      "version": "1.3.3",
      "from": "https://registry.npmjs.org/datatables.net-colreorder-bs/-/datatables.net-colreorder-bs-1.3.3.tgz",
      "resolved": "https://registry.npmjs.org/datatables.net-colreorder-bs/-/datatables.net-colreorder-bs-1.3.3.tgz"
    },
    "datatables.net-select": {
      "version": "1.2.2",
      "from": "https://registry.npmjs.org/datatables.net-select/-/datatables.net-select-1.2.2.tgz",
      "resolved": "https://registry.npmjs.org/datatables.net-select/-/datatables.net-select-1.2.2.tgz"
    },
    "drmonty-datatables-colvis": {
      "version": "1.1.2",
      "from": "https://registry.npmjs.org/drmonty-datatables-colvis/-/drmonty-datatables-colvis-1.1.2.tgz",
      "resolved": "https://registry.npmjs.org/drmonty-datatables-colvis/-/drmonty-datatables-colvis-1.1.2.tgz"
    },
    "eonasdan-bootstrap-datetimepicker": {
      "version": "4.17.47",
      "from": "eonasdan-bootstrap-datetimepicker@4.17.47",
      "resolved": "https://registry.npmjs.org/eonasdan-bootstrap-datetimepicker/-/eonasdan-bootstrap-datetimepicker-4.17.47.tgz",
      "dependencies": {
        "moment-timezone": {
          "version": "0.4.1",
          "from": "moment-timezone@>=0.4.0 <0.5.0",
          "resolved": "https://registry.npmjs.org/moment-timezone/-/moment-timezone-0.4.1.tgz"
        }
      }
    },
    "font-awesome": {
      "version": "4.7.0",
      "from": "font-awesome@4.7.0",
      "resolved": "https://registry.npmjs.org/font-awesome/-/font-awesome-4.7.0.tgz"
    },
    "google-code-prettify": {
      "version": "1.0.5",
      "from": "https://registry.npmjs.org/google-code-prettify/-/google-code-prettify-1.0.5.tgz",
      "resolved": "https://registry.npmjs.org/google-code-prettify/-/google-code-prettify-1.0.5.tgz"
    },
    "jquery": {
      "version": "3.2.1",
      "from": "jquery@>=3.2.1 <3.3.0",
      "resolved": "https://registry.npmjs.org/jquery/-/jquery-3.2.1.tgz"
    },
    "jquery-match-height": {
      "version": "0.7.2",
      "from": "jquery-match-height@0.7.2",
      "resolved": "https://registry.npmjs.org/jquery-match-height/-/jquery-match-height-0.7.2.tgz"
    },
    "js-yaml": {
      "version": "3.8.3",
      "from": "js-yaml@>=3.7.0 <4.0.0",
      "resolved": "https://registry.npmjs.org/js-yaml/-/js-yaml-3.8.3.tgz",
      "dependencies": {
        "argparse": {
          "version": "1.0.9",
          "from": "argparse@>=1.0.7 <2.0.0",
          "resolved": "https://registry.npmjs.org/argparse/-/argparse-1.0.9.tgz",
          "dependencies": {
            "sprintf-js": {
              "version": "1.0.3",
              "from": "sprintf-js@>=1.0.2 <1.1.0",
              "resolved": "https://registry.npmjs.org/sprintf-js/-/sprintf-js-1.0.3.tgz"
            }
          }
        },
        "esprima": {
          "version": "3.1.3",
          "from": "esprima@>=3.1.1 <4.0.0",
          "resolved": "https://registry.npmjs.org/esprima/-/esprima-3.1.3.tgz"
        }
      }
    },
    "lodash": {
      "version": "4.17.4",
      "from": "lodash@>=4.17.4 <5.0.0",
      "resolved": "https://registry.npmjs.org/lodash/-/lodash-4.17.4.tgz"
    },
    "moment": {
      "version": "2.14.1",
      "from": "https://registry.npmjs.org/moment/-/moment-2.14.1.tgz",
      "resolved": "https://registry.npmjs.org/moment/-/moment-2.14.1.tgz"
    },
    "moment-timezone": {
      "version": "0.4.1",
      "from": "moment-timezone@>=0.4.0 <0.5.0",
      "resolved": "https://registry.npmjs.org/moment-timezone/-/moment-timezone-0.4.1.tgz"
    },
    "patternfly-bootstrap-combobox": {
      "version": "1.1.7",
      "from": "https://registry.npmjs.org/patternfly-bootstrap-combobox/-/patternfly-bootstrap-combobox-1.1.7.tgz",
      "resolved": "https://registry.npmjs.org/patternfly-bootstrap-combobox/-/patternfly-bootstrap-combobox-1.1.7.tgz"
    },
    "patternfly-bootstrap-treeview": {
      "version": "2.1.3",
      "from": "https://registry.npmjs.org/patternfly-bootstrap-treeview/-/patternfly-bootstrap-treeview-2.1.3.tgz",
      "resolved": "https://registry.npmjs.org/patternfly-bootstrap-treeview/-/patternfly-bootstrap-treeview-2.1.3.tgz"
    }
  }
}
