{
  "name": "patternfly",
  "version": "3.8.1",
  "dependencies": {
    "bootstrap": {
      "version": "3.3.7",
      "from": "https://registry.npmjs.org/bootstrap/-/bootstrap-3.3.7.tgz",
      "resolved": "https://registry.npmjs.org/bootstrap/-/bootstrap-3.3.7.tgz"
    },
    "bootstrap-datepicker": {
      "version": "1.6.1",
      "from": "https://registry.npmjs.org/bootstrap-datepicker/-/bootstrap-datepicker-1.6.1.tgz",
      "resolved": "https://registry.npmjs.org/bootstrap-datepicker/-/bootstrap-datepicker-1.6.1.tgz"
    },
    "bootstrap-select": {
      "version": "1.10.0",
      "from": "https://registry.npmjs.org/bootstrap-select/-/bootstrap-select-1.10.0.tgz",
      "resolved": "https://registry.npmjs.org/bootstrap-select/-/bootstrap-select-1.10.0.tgz"
    },
    "bootstrap-switch": {
      "version": "3.3.2",
      "from": "https://registry.npmjs.org/bootstrap-switch/-/bootstrap-switch-3.3.2.tgz",
      "resolved": "https://registry.npmjs.org/bootstrap-switch/-/bootstrap-switch-3.3.2.tgz"
    },
    "bootstrap-touchspin": {
      "version": "3.1.1",
      "from": "https://registry.npmjs.org/bootstrap-touchspin/-/bootstrap-touchspin-3.1.1.tgz",
      "resolved": "https://registry.npmjs.org/bootstrap-touchspin/-/bootstrap-touchspin-3.1.1.tgz"
    },
    "c3": {
      "version": "0.4.11",
      "from": "https://registry.npmjs.org/c3/-/c3-0.4.11.tgz",
      "resolved": "https://registry.npmjs.org/c3/-/c3-0.4.11.tgz"
    },
    "d3": {
      "version": "3.5.17",
      "from": "https://registry.npmjs.org/d3/-/d3-3.5.17.tgz",
      "resolved": "https://registry.npmjs.org/d3/-/d3-3.5.17.tgz"
    },
    "datatables": {
      "version": "1.10.12",
      "from": "https://registry.npmjs.org/datatables/-/datatables-1.10.12.tgz",
      "resolved": "https://registry.npmjs.org/datatables/-/datatables-1.10.12.tgz"
    },
    "datatables.net": {
      "version": "1.10.12",
      "from": "https://registry.npmjs.org/datatables.net/-/datatables.net-1.10.12.tgz",
      "resolved": "https://registry.npmjs.org/datatables.net/-/datatables.net-1.10.12.tgz"
    },
    "datatables.net-colreorder": {
      "version": "1.3.2",
      "from": "https://registry.npmjs.org/datatables.net-colreorder/-/datatables.net-colreorder-1.3.2.tgz",
      "resolved": "https://registry.npmjs.org/datatables.net-colreorder/-/datatables.net-colreorder-1.3.2.tgz"
    },
    "drmonty-datatables-colvis": {
      "version": "1.1.2",
      "from": "https://registry.npmjs.org/drmonty-datatables-colvis/-/drmonty-datatables-colvis-1.1.2.tgz",
      "resolved": "https://registry.npmjs.org/drmonty-datatables-colvis/-/drmonty-datatables-colvis-1.1.2.tgz"
    },
    "eonasdan-bootstrap-datetimepicker": {
      "version": "4.15.35",
      "from": "https://registry.npmjs.org/eonasdan-bootstrap-datetimepicker/-/eonasdan-bootstrap-datetimepicker-4.15.35.tgz",
      "resolved": "https://registry.npmjs.org/eonasdan-bootstrap-datetimepicker/-/eonasdan-bootstrap-datetimepicker-4.15.35.tgz",
      "dependencies": {
        "moment": {
          "version": "2.8.4",
          "from": "https://registry.npmjs.org/moment/-/moment-2.8.4.tgz",
          "resolved": "https://registry.npmjs.org/moment/-/moment-2.8.4.tgz"
        }
      }
    },
    "font-awesome": {
      "version": "4.6.3",
      "from": "https://registry.npmjs.org/font-awesome/-/font-awesome-4.6.3.tgz",
      "resolved": "https://registry.npmjs.org/font-awesome/-/font-awesome-4.6.3.tgz"
    },
    "google-code-prettify": {
      "version": "1.0.1",
      "from": "https://registry.npmjs.org/google-code-prettify/-/google-code-prettify-1.0.1.tgz",
      "resolved": "https://registry.npmjs.org/google-code-prettify/-/google-code-prettify-1.0.1.tgz"
    },
    "jquery": {
      "version": "2.1.4",
      "from": "https://registry.npmjs.org/jquery/-/jquery-2.1.4.tgz",
      "resolved": "https://registry.npmjs.org/jquery/-/jquery-2.1.4.tgz"
    },
    "jquery-match-height": {
      "version": "0.7.0",
      "from": "https://registry.npmjs.org/jquery-match-height/-/jquery-match-height-0.7.0.tgz",
      "resolved": "https://registry.npmjs.org/jquery-match-height/-/jquery-match-height-0.7.0.tgz"
    },
    "moment": {
      "version": "2.14.1",
      "from": "https://registry.npmjs.org/moment/-/moment-2.14.1.tgz",
      "resolved": "https://registry.npmjs.org/moment/-/moment-2.14.1.tgz"
    },
    "patternfly-bootstrap-combobox": {
      "version": "1.0.0",
      "from": "https://registry.npmjs.org/patternfly-bootstrap-combobox/-/patternfly-bootstrap-combobox-1.0.0.tgz",
      "resolved": "https://registry.npmjs.org/patternfly-bootstrap-combobox/-/patternfly-bootstrap-combobox-1.0.0.tgz"
    },
    "patternfly-bootstrap-treeview": {
      "version": "1.0.0",
      "from": "https://registry.npmjs.org/patternfly-bootstrap-treeview/-/patternfly-bootstrap-treeview-1.0.0.tgz",
      "resolved": "https://registry.npmjs.org/patternfly-bootstrap-treeview/-/patternfly-bootstrap-treeview-1.0.0.tgz"
    }
  }
}
